
Microsoft Visual Studio Solution File, Format Version 12.00
# Visual Studio Version 17
VisualStudioVersion = 17.1.32319.34
MinimumVisualStudioVersion = 10.0.40219.1
Project("{F184B08F-C81C-45F6-A57F-5ABD9991F28F}") = "PerpustakaanProject", "PerpustakaanProject.vbproj", "{146868C3-00AC-4302-8430-F56410041CA0}"
EndProject
Global
	GlobalSection(SolutionConfigurationPlatforms) = preSolution
		Debug|Any CPU = Debug|Any CPU
		Release|Any CPU = Release|Any CPU
	EndGlobalSection
	GlobalSection(ProjectConfigurationPlatforms) = postSolution
		{146868C3-00AC-4302-8430-F56410041CA0}.Debug|Any CPU.ActiveCfg = Debug|Any CPU
		{146868C3-00AC-4302-8430-F56410041CA0}.Debug|Any CPU.Build.0 = Debug|Any CPU
		{146868C3-00AC-4302-8430-F56410041CA0}.Release|Any CPU.ActiveCfg = Release|Any CPU
		{146868C3-00AC-4302-8430-F56410041CA0}.Release|Any CPU.Build.0 = Release|Any CPU
	EndGlobalSection
	GlobalSection(SolutionProperties) = preSolution
		HideSolutionNode = FALSE
	EndGlobalSection
	GlobalSection(ExtensibilityGlobals) = postSolution
		SolutionGuid = {6FE28AD5-9F81-45FD-94D4-C60583FEA3E5}
	EndGlobalSection
EndGlobal
